// !$*UTF8*$!
{
	archiveVersion = 1;
	classes = {
	};
	objectVersion = 56;
	objects = {

/* Begin PBXBuildFile section */
		0810CE312B0BD4C300738D98 /* AppDelegate.swift in Sources */ = {isa = PBXBuildFile; fileRef = 0810CE302B0BD4C300738D98 /* AppDelegate.swift */; };
		0810CE332B0BD4C300738D98 /* SceneDelegate.swift in Sources */ = {isa = PBXBuildFile; fileRef = 0810CE322B0BD4C300738D98 /* SceneDelegate.swift */; };
		0810CE382B0BD4C300738D98 /* Main.storyboard in Resources */ = {isa = PBXBuildFile; fileRef = 0810CE362B0BD4C300738D98 /* Main.storyboard */; };
		0810CE3A2B0BD4C500738D98 /* Assets.xcassets in Resources */ = {isa = PBXBuildFile; fileRef = 0810CE392B0BD4C500738D98 /* Assets.xcassets */; };
		0810CE3D2B0BD4C500738D98 /* LaunchScreen.storyboard in Resources */ = {isa = PBXBuildFile; fileRef = 0810CE3B2B0BD4C500738D98 /* LaunchScreen.storyboard */; };
		0810CE4A2B0BD60E00738D98 /* ComposableArchitecture in Frameworks */ = {isa = PBXBuildFile; productRef = 0810CE492B0BD60E00738D98 /* ComposableArchitecture */; };
		0810CE4D2B0BD61D00738D98 /* SnapKit in Frameworks */ = {isa = PBXBuildFile; productRef = 0810CE4C2B0BD61D00738D98 /* SnapKit */; };
		0810CE4F2B0BD61D00738D98 /* SnapKit-Dynamic in Frameworks */ = {isa = PBXBuildFile; productRef = 0810CE4E2B0BD61D00738D98 /* SnapKit-Dynamic */; };
		0810CE5C2B0BDCB100738D98 /* AppMainFeature.swift in Sources */ = {isa = PBXBuildFile; fileRef = 0810CE552B0BDCB100738D98 /* AppMainFeature.swift */; };
		0810CE5E2B0BDCB100738D98 /* AppMainViewController.swift in Sources */ = {isa = PBXBuildFile; fileRef = 0810CE592B0BDCB100738D98 /* AppMainViewController.swift */; };
		08887BC92B0C57C80062E932 /* Array+SafeIndex.swift in Sources */ = {isa = PBXBuildFile; fileRef = 08887BC82B0C57C80062E932 /* Array+SafeIndex.swift */; };
		08887BCB2B0C5AD40062E932 /* MusicLibraryItem.swift in Sources */ = {isa = PBXBuildFile; fileRef = 08887BCA2B0C5AD40062E932 /* MusicLibraryItem.swift */; };
		08AA74FF2B14671400E5EC16 /* StoreScopingCacheReproducerUITests.swift in Sources */ = {isa = PBXBuildFile; fileRef = 08AA74FE2B14671400E5EC16 /* StoreScopingCacheReproducerUITests.swift */; };
/* End PBXBuildFile section */

/* Begin PBXContainerItemProxy section */
		08AA75022B14671400E5EC16 /* PBXContainerItemProxy */ = {
			isa = PBXContainerItemProxy;
			containerPortal = 0810CE252B0BD4C300738D98 /* Project object */;
			proxyType = 1;
			remoteGlobalIDString = 0810CE2C2B0BD4C300738D98;
			remoteInfo = StoreScopingCacheReproducer;
		};
/* End PBXContainerItemProxy section */

/* Begin PBXFileReference section */
		0810CE2D2B0BD4C300738D98 /* StoreScopingCacheReproducer.app */ = {isa = PBXFileReference; explicitFileType = wrapper.application; includeInIndex = 0; path = StoreScopingCacheReproducer.app; sourceTree = BUILT_PRODUCTS_DIR; };
		0810CE302B0BD4C300738D98 /* AppDelegate.swift */ = {isa = PBXFileReference; lastKnownFileType = sourcecode.swift; path = AppDelegate.swift; sourceTree = "<group>"; };
		0810CE322B0BD4C300738D98 /* SceneDelegate.swift */ = {isa = PBXFileReference; lastKnownFileType = sourcecode.swift; path = SceneDelegate.swift; sourceTree = "<group>"; };
		0810CE372B0BD4C300738D98 /* Base */ = {isa = PBXFileReference; lastKnownFileType = file.storyboard; name = Base; path = Base.lproj/Main.storyboard; sourceTree = "<group>"; };
		0810CE392B0BD4C500738D98 /* Assets.xcassets */ = {isa = PBXFileReference; lastKnownFileType = folder.assetcatalog; path = Assets.xcassets; sourceTree = "<group>"; };
		0810CE3C2B0BD4C500738D98 /* Base */ = {isa = PBXFileReference; lastKnownFileType = file.storyboard; name = Base; path = Base.lproj/LaunchScreen.storyboard; sourceTree = "<group>"; };
		0810CE3E2B0BD4C500738D98 /* Info.plist */ = {isa = PBXFileReference; lastKnownFileType = text.plist.xml; path = Info.plist; sourceTree = "<group>"; };
		0810CE552B0BDCB100738D98 /* AppMainFeature.swift */ = {isa = PBXFileReference; fileEncoding = 4; lastKnownFileType = sourcecode.swift; path = AppMainFeature.swift; sourceTree = "<group>"; };
		0810CE592B0BDCB100738D98 /* AppMainViewController.swift */ = {isa = PBXFileReference; fileEncoding = 4; lastKnownFileType = sourcecode.swift; path = AppMainViewController.swift; sourceTree = "<group>"; };
		08887BC82B0C57C80062E932 /* Array+SafeIndex.swift */ = {isa = PBXFileReference; lastKnownFileType = sourcecode.swift; path = "Array+SafeIndex.swift"; sourceTree = "<group>"; };
		08887BCA2B0C5AD40062E932 /* MusicLibraryItem.swift */ = {isa = PBXFileReference; lastKnownFileType = sourcecode.swift; path = MusicLibraryItem.swift; sourceTree = "<group>"; };
		08AA74FC2B14671400E5EC16 /* StoreScopingCacheReproducerUITests.xctest */ = {isa = PBXFileReference; explicitFileType = wrapper.cfbundle; includeInIndex = 0; path = StoreScopingCacheReproducerUITests.xctest; sourceTree = BUILT_PRODUCTS_DIR; };
		08AA74FE2B14671400E5EC16 /* StoreScopingCacheReproducerUITests.swift */ = {isa = PBXFileReference; lastKnownFileType = sourcecode.swift; path = StoreScopingCacheReproducerUITests.swift; sourceTree = "<group>"; };
/* End PBXFileReference section */

/* Begin PBXFrameworksBuildPhase section */
		0810CE2A2B0BD4C300738D98 /* Frameworks */ = {
			isa = PBXFrameworksBuildPhase;
			buildActionMask = 2147483647;
			files = (
				0810CE4A2B0BD60E00738D98 /* ComposableArchitecture in Frameworks */,
				0810CE4D2B0BD61D00738D98 /* SnapKit in Frameworks */,
				0810CE4F2B0BD61D00738D98 /* SnapKit-Dynamic in Frameworks */,
			);
			runOnlyForDeploymentPostprocessing = 0;
		};
		08AA74F92B14671400E5EC16 /* Frameworks */ = {
			isa = PBXFrameworksBuildPhase;
			buildActionMask = 2147483647;
			files = (
			);
			runOnlyForDeploymentPostprocessing = 0;
		};
/* End PBXFrameworksBuildPhase section */

/* Begin PBXGroup section */
		0810CE242B0BD4C300738D98 = {
			isa = PBXGroup;
			children = (
				0810CE2F2B0BD4C300738D98 /* StoreScopingCacheReproducer */,
				08AA74FD2B14671400E5EC16 /* StoreScopingCacheReproducerUITests */,
				0810CE2E2B0BD4C300738D98 /* Products */,
			);
			sourceTree = "<group>";
		};
		0810CE2E2B0BD4C300738D98 /* Products */ = {
			isa = PBXGroup;
			children = (
				0810CE2D2B0BD4C300738D98 /* StoreScopingCacheReproducer.app */,
				08AA74FC2B14671400E5EC16 /* StoreScopingCacheReproducerUITests.xctest */,
			);
			name = Products;
			sourceTree = "<group>";
		};
		0810CE2F2B0BD4C300738D98 /* StoreScopingCacheReproducer */ = {
			isa = PBXGroup;
			children = (
				0810CE302B0BD4C300738D98 /* AppDelegate.swift */,
				08887BC82B0C57C80062E932 /* Array+SafeIndex.swift */,
				0810CE322B0BD4C300738D98 /* SceneDelegate.swift */,
				0810CE552B0BDCB100738D98 /* AppMainFeature.swift */,
				0810CE592B0BDCB100738D98 /* AppMainViewController.swift */,
				08887BCA2B0C5AD40062E932 /* MusicLibraryItem.swift */,
				0810CE362B0BD4C300738D98 /* Main.storyboard */,
				0810CE392B0BD4C500738D98 /* Assets.xcassets */,
				0810CE3B2B0BD4C500738D98 /* LaunchScreen.storyboard */,
				0810CE3E2B0BD4C500738D98 /* Info.plist */,
			);
			path = StoreScopingCacheReproducer;
			sourceTree = "<group>";
		};
		08AA74FD2B14671400E5EC16 /* StoreScopingCacheReproducerUITests */ = {
			isa = PBXGroup;
			children = (
				08AA74FE2B14671400E5EC16 /* StoreScopingCacheReproducerUITests.swift */,
			);
			path = StoreScopingCacheReproducerUITests;
			sourceTree = "<group>";
		};
/* End PBXGroup section */

/* Begin PBXNativeTarget section */
		0810CE2C2B0BD4C300738D98 /* StoreScopingCacheReproducer */ = {
			isa = PBXNativeTarget;
			buildConfigurationList = 0810CE412B0BD4C500738D98 /* Build configuration list for PBXNativeTarget "StoreScopingCacheReproducer" */;
			buildPhases = (
				0810CE292B0BD4C300738D98 /* Sources */,
				0810CE2A2B0BD4C300738D98 /* Frameworks */,
				0810CE2B2B0BD4C300738D98 /* Resources */,
			);
			buildRules = (
			);
			dependencies = (
				0810CE512B0BD62F00738D98 /* PBXTargetDependency */,
				0810CE532B0BD62F00738D98 /* PBXTargetDependency */,
			);
			name = StoreScopingCacheReproducer;
			packageProductDependencies = (
				0810CE492B0BD60E00738D98 /* ComposableArchitecture */,
				0810CE4C2B0BD61D00738D98 /* SnapKit */,
				0810CE4E2B0BD61D00738D98 /* SnapKit-Dynamic */,
			);
			productName = StoreScopingCacheReproducer;
			productReference = 0810CE2D2B0BD4C300738D98 /* StoreScopingCacheReproducer.app */;
			productType = "com.apple.product-type.application";
		};
		08AA74FB2B14671400E5EC16 /* StoreScopingCacheReproducerUITests */ = {
			isa = PBXNativeTarget;
			buildConfigurationList = 08AA75042B14671400E5EC16 /* Build configuration list for PBXNativeTarget "StoreScopingCacheReproducerUITests" */;
			buildPhases = (
				08AA74F82B14671400E5EC16 /* Sources */,
				08AA74F92B14671400E5EC16 /* Frameworks */,
				08AA74FA2B14671400E5EC16 /* Resources */,
			);
			buildRules = (
			);
			dependencies = (
				08AA75032B14671400E5EC16 /* PBXTargetDependency */,
			);
			name = StoreScopingCacheReproducerUITests;
			productName = StoreScopingCacheReproducerUITests;
			productReference = 08AA74FC2B14671400E5EC16 /* StoreScopingCacheReproducerUITests.xctest */;
			productType = "com.apple.product-type.bundle.ui-testing";
		};
/* End PBXNativeTarget section */

/* Begin PBXProject section */
		0810CE252B0BD4C300738D98 /* Project object */ = {
			isa = PBXProject;
			attributes = {
				BuildIndependentTargetsInParallel = 1;
				LastSwiftUpdateCheck = 1500;
				LastUpgradeCheck = 1500;
				TargetAttributes = {
					0810CE2C2B0BD4C300738D98 = {
						CreatedOnToolsVersion = 15.0;
					};
					08AA74FB2B14671400E5EC16 = {
						CreatedOnToolsVersion = 15.0;
						TestTargetID = 0810CE2C2B0BD4C300738D98;
					};
				};
			};
			buildConfigurationList = 0810CE282B0BD4C300738D98 /* Build configuration list for PBXProject "StoreScopingCacheReproducer" */;
			compatibilityVersion = "Xcode 14.0";
			developmentRegion = en;
			hasScannedForEncodings = 0;
			knownRegions = (
				en,
				Base,
			);
			mainGroup = 0810CE242B0BD4C300738D98;
			packageReferences = (
				0810CE482B0BD60E00738D98 /* XCRemoteSwiftPackageReference "swift-composable-architecture" */,
				0810CE4B2B0BD61D00738D98 /* XCRemoteSwiftPackageReference "SnapKit" */,
			);
			productRefGroup = 0810CE2E2B0BD4C300738D98 /* Products */;
			projectDirPath = "";
			projectRoot = "";
			targets = (
				0810CE2C2B0BD4C300738D98 /* StoreScopingCacheReproducer */,
				08AA74FB2B14671400E5EC16 /* StoreScopingCacheReproducerUITests */,
			);
		};
/* End PBXProject section */

/* Begin PBXResourcesBuildPhase section */
		0810CE2B2B0BD4C300738D98 /* Resources */ = {
			isa = PBXResourcesBuildPhase;
			buildActionMask = 2147483647;
			files = (
				0810CE3D2B0BD4C500738D98 /* LaunchScreen.storyboard in Resources */,
				0810CE3A2B0BD4C500738D98 /* Assets.xcassets in Resources */,
				0810CE382B0BD4C300738D98 /* Main.storyboard in Resources */,
			);
			runOnlyForDeploymentPostprocessing = 0;
		};
		08AA74FA2B14671400E5EC16 /* Resources */ = {
			isa = PBXResourcesBuildPhase;
			buildActionMask = 2147483647;
			files = (
			);
			runOnlyForDeploymentPostprocessing = 0;
		};
/* End PBXResourcesBuildPhase section */

/* Begin PBXSourcesBuildPhase section */
		0810CE292B0BD4C300738D98 /* Sources */ = {
			isa = PBXSourcesBuildPhase;
			buildActionMask = 2147483647;
			files = (
				08887BC92B0C57C80062E932 /* Array+SafeIndex.swift in Sources */,
				08887BCB2B0C5AD40062E932 /* MusicLibraryItem.swift in Sources */,
				0810CE312B0BD4C300738D98 /* AppDelegate.swift in Sources */,
				0810CE5E2B0BDCB100738D98 /* AppMainViewController.swift in Sources */,
				0810CE5C2B0BDCB100738D98 /* AppMainFeature.swift in Sources */,
				0810CE332B0BD4C300738D98 /* SceneDelegate.swift in Sources */,
			);
			runOnlyForDeploymentPostprocessing = 0;
		};
		08AA74F82B14671400E5EC16 /* Sources */ = {
			isa = PBXSourcesBuildPhase;
			buildActionMask = 2147483647;
			files = (
				08AA74FF2B14671400E5EC16 /* StoreScopingCacheReproducerUITests.swift in Sources */,
			);
			runOnlyForDeploymentPostprocessing = 0;
		};
/* End PBXSourcesBuildPhase section */

/* Begin PBXTargetDependency section */
		0810CE512B0BD62F00738D98 /* PBXTargetDependency */ = {
			isa = PBXTargetDependency;
			productRef = 0810CE502B0BD62F00738D98 /* ComposableArchitecture */;
		};
		0810CE532B0BD62F00738D98 /* PBXTargetDependency */ = {
			isa = PBXTargetDependency;
			productRef = 0810CE522B0BD62F00738D98 /* SnapKit */;
		};
		08AA75032B14671400E5EC16 /* PBXTargetDependency */ = {
			isa = PBXTargetDependency;
			target = 0810CE2C2B0BD4C300738D98 /* StoreScopingCacheReproducer */;
			targetProxy = 08AA75022B14671400E5EC16 /* PBXContainerItemProxy */;
		};
/* End PBXTargetDependency section */

/* Begin PBXVariantGroup section */
		0810CE362B0BD4C300738D98 /* Main.storyboard */ = {
			isa = PBXVariantGroup;
			children = (
				0810CE372B0BD4C300738D98 /* Base */,
			);
			name = Main.storyboard;
			sourceTree = "<group>";
		};
		0810CE3B2B0BD4C500738D98 /* LaunchScreen.storyboard */ = {
			isa = PBXVariantGroup;
			children = (
				0810CE3C2B0BD4C500738D98 /* Base */,
			);
			name = LaunchScreen.storyboard;
			sourceTree = "<group>";
		};
/* End PBXVariantGroup section */

/* Begin XCBuildConfiguration section */
		0810CE3F2B0BD4C500738D98 /* Debug */ = {
			isa = XCBuildConfiguration;
			buildSettings = {
				ALWAYS_SEARCH_USER_PATHS = NO;
				ASSETCATALOG_COMPILER_GENERATE_SWIFT_ASSET_SYMBOL_EXTENSIONS = YES;
				CLANG_ANALYZER_NONNULL = YES;
				CLANG_ANALYZER_NUMBER_OBJECT_CONVERSION = YES_AGGRESSIVE;
				CLANG_CXX_LANGUAGE_STANDARD = "gnu++20";
				CLANG_ENABLE_MODULES = YES;
				CLANG_ENABLE_OBJC_ARC = YES;
				CLANG_ENABLE_OBJC_WEAK = YES;
				CLANG_WARN_BLOCK_CAPTURE_AUTORELEASING = YES;
				CLANG_WARN_BOOL_CONVERSION = YES;
				CLANG_WARN_COMMA = YES;
				CLANG_WARN_CONSTANT_CONVERSION = YES;
				CLANG_WARN_DEPRECATED_OBJC_IMPLEMENTATIONS = YES;
				CLANG_WARN_DIRECT_OBJC_ISA_USAGE = YES_ERROR;
				CLANG_WARN_DOCUMENTATION_COMMENTS = YES;
				CLANG_WARN_EMPTY_BODY = YES;
				CLANG_WARN_ENUM_CONVERSION = YES;
				CLANG_WARN_INFINITE_RECURSION = YES;
				CLANG_WARN_INT_CONVERSION = YES;
				CLANG_WARN_NON_LITERAL_NULL_CONVERSION = YES;
				CLANG_WARN_OBJC_IMPLICIT_RETAIN_SELF = YES;
				CLANG_WARN_OBJC_LITERAL_CONVERSION = YES;
				CLANG_WARN_OBJC_ROOT_CLASS = YES_ERROR;
				CLANG_WARN_QUOTED_INCLUDE_IN_FRAMEWORK_HEADER = YES;
				CLANG_WARN_RANGE_LOOP_ANALYSIS = YES;
				CLANG_WARN_STRICT_PROTOTYPES = YES;
				CLANG_WARN_SUSPICIOUS_MOVE = YES;
				CLANG_WARN_UNGUARDED_AVAILABILITY = YES_AGGRESSIVE;
				CLANG_WARN_UNREACHABLE_CODE = YES;
				CLANG_WARN__DUPLICATE_METHOD_MATCH = YES;
				COPY_PHASE_STRIP = NO;
				DEBUG_INFORMATION_FORMAT = dwarf;
				ENABLE_STRICT_OBJC_MSGSEND = YES;
				ENABLE_TESTABILITY = YES;
				ENABLE_USER_SCRIPT_SANDBOXING = YES;
				GCC_C_LANGUAGE_STANDARD = gnu17;
				GCC_DYNAMIC_NO_PIC = NO;
				GCC_NO_COMMON_BLOCKS = YES;
				GCC_OPTIMIZATION_LEVEL = 0;
				GCC_PREPROCESSOR_DEFINITIONS = (
					"DEBUG=1",
					"$(inherited)",
				);
				GCC_WARN_64_TO_32_BIT_CONVERSION = YES;
				GCC_WARN_ABOUT_RETURN_TYPE = YES_ERROR;
				GCC_WARN_UNDECLARED_SELECTOR = YES;
				GCC_WARN_UNINITIALIZED_AUTOS = YES_AGGRESSIVE;
				GCC_WARN_UNUSED_FUNCTION = YES;
				GCC_WARN_UNUSED_VARIABLE = YES;
				IPHONEOS_DEPLOYMENT_TARGET = 17.0;
				LOCALIZATION_PREFERS_STRING_CATALOGS = YES;
				MTL_ENABLE_DEBUG_INFO = INCLUDE_SOURCE;
				MTL_FAST_MATH = YES;
				ONLY_ACTIVE_ARCH = YES;
				SDKROOT = iphoneos;
				SWIFT_ACTIVE_COMPILATION_CONDITIONS = "DEBUG $(inherited)";
				SWIFT_OPTIMIZATION_LEVEL = "-Onone";
			};
			name = Debug;
		};
		0810CE402B0BD4C500738D98 /* Release */ = {
			isa = XCBuildConfiguration;
			buildSettings = {
				ALWAYS_SEARCH_USER_PATHS = NO;
				ASSETCATALOG_COMPILER_GENERATE_SWIFT_ASSET_SYMBOL_EXTENSIONS = YES;
				CLANG_ANALYZER_NONNULL = YES;
				CLANG_ANALYZER_NUMBER_OBJECT_CONVERSION = YES_AGGRESSIVE;
				CLANG_CXX_LANGUAGE_STANDARD = "gnu++20";
				CLANG_ENABLE_MODULES = YES;
				CLANG_ENABLE_OBJC_ARC = YES;
				CLANG_ENABLE_OBJC_WEAK = YES;
				CLANG_WARN_BLOCK_CAPTURE_AUTORELEASING = YES;
				CLANG_WARN_BOOL_CONVERSION = YES;
				CLANG_WARN_COMMA = YES;
				CLANG_WARN_CONSTANT_CONVERSION = YES;
				CLANG_WARN_DEPRECATED_OBJC_IMPLEMENTATIONS = YES;
				CLANG_WARN_DIRECT_OBJC_ISA_USAGE = YES_ERROR;
				CLANG_WARN_DOCUMENTATION_COMMENTS = YES;
				CLANG_WARN_EMPTY_BODY = YES;
				CLANG_WARN_ENUM_CONVERSION = YES;
				CLANG_WARN_INFINITE_RECURSION = YES;
				CLANG_WARN_INT_CONVERSION = YES;
				CLANG_WARN_NON_LITERAL_NULL_CONVERSION = YES;
				CLANG_WARN_OBJC_IMPLICIT_RETAIN_SELF = YES;
				CLANG_WARN_OBJC_LITERAL_CONVERSION = YES;
				CLANG_WARN_OBJC_ROOT_CLASS = YES_ERROR;
				CLANG_WARN_QUOTED_INCLUDE_IN_FRAMEWORK_HEADER = YES;
				CLANG_WARN_RANGE_LOOP_ANALYSIS = YES;
				CLANG_WARN_STRICT_PROTOTYPES = YES;
				CLANG_WARN_SUSPICIOUS_MOVE = YES;
				CLANG_WARN_UNGUARDED_AVAILABILITY = YES_AGGRESSIVE;
				CLANG_WARN_UNREACHABLE_CODE = YES;
				CLANG_WARN__DUPLICATE_METHOD_MATCH = YES;
				COPY_PHASE_STRIP = NO;
				DEBUG_INFORMATION_FORMAT = "dwarf-with-dsym";
				ENABLE_NS_ASSERTIONS = NO;
				ENABLE_STRICT_OBJC_MSGSEND = YES;
				ENABLE_USER_SCRIPT_SANDBOXING = YES;
				GCC_C_LANGUAGE_STANDARD = gnu17;
				GCC_NO_COMMON_BLOCKS = YES;
				GCC_WARN_64_TO_32_BIT_CONVERSION = YES;
				GCC_WARN_ABOUT_RETURN_TYPE = YES_ERROR;
				GCC_WARN_UNDECLARED_SELECTOR = YES;
				GCC_WARN_UNINITIALIZED_AUTOS = YES_AGGRESSIVE;
				GCC_WARN_UNUSED_FUNCTION = YES;
				GCC_WARN_UNUSED_VARIABLE = YES;
				IPHONEOS_DEPLOYMENT_TARGET = 17.0;
				LOCALIZATION_PREFERS_STRING_CATALOGS = YES;
				MTL_ENABLE_DEBUG_INFO = NO;
				MTL_FAST_MATH = YES;
				SDKROOT = iphoneos;
				SWIFT_COMPILATION_MODE = wholemodule;
				VALIDATE_PRODUCT = YES;
			};
			name = Release;
		};
		0810CE422B0BD4C500738D98 /* Debug */ = {
			isa = XCBuildConfiguration;
			buildSettings = {
				ASSETCATALOG_COMPILER_APPICON_NAME = AppIcon;
				ASSETCATALOG_COMPILER_GLOBAL_ACCENT_COLOR_NAME = AccentColor;
				CODE_SIGN_IDENTITY = "Apple Development";
				CODE_SIGN_STYLE = Automatic;
				CURRENT_PROJECT_VERSION = 1;
				DEVELOPMENT_TEAM = 5MGXJMQ5F2;
				GENERATE_INFOPLIST_FILE = YES;
				INFOPLIST_FILE = StoreScopingCacheReproducer/Info.plist;
				INFOPLIST_KEY_UIApplicationSupportsIndirectInputEvents = YES;
				INFOPLIST_KEY_UILaunchStoryboardName = LaunchScreen;
				INFOPLIST_KEY_UIMainStoryboardFile = Main;
				INFOPLIST_KEY_UISupportedInterfaceOrientations_iPad = "UIInterfaceOrientationPortrait UIInterfaceOrientationPortraitUpsideDown UIInterfaceOrientationLandscapeLeft UIInterfaceOrientationLandscapeRight";
				INFOPLIST_KEY_UISupportedInterfaceOrientations_iPhone = "UIInterfaceOrientationPortrait UIInterfaceOrientationLandscapeLeft UIInterfaceOrientationLandscapeRight";
				LD_RUNPATH_SEARCH_PATHS = (
					"$(inherited)",
					"@executable_path/Frameworks",
				);
				MARKETING_VERSION = 1.0;
				PRODUCT_BUNDLE_IDENTIFIER = com.debugger.StoreScopingCacheReproducer;
				PRODUCT_NAME = "$(TARGET_NAME)";
				PROVISIONING_PROFILE_SPECIFIER = "";
				SWIFT_EMIT_LOC_STRINGS = YES;
				SWIFT_VERSION = 5.0;
				TARGETED_DEVICE_FAMILY = "1,2";
			};
			name = Debug;
		};
		0810CE432B0BD4C500738D98 /* Release */ = {
			isa = XCBuildConfiguration;
			buildSettings = {
				ASSETCATALOG_COMPILER_APPICON_NAME = AppIcon;
				ASSETCATALOG_COMPILER_GLOBAL_ACCENT_COLOR_NAME = AccentColor;
				CODE_SIGN_IDENTITY = "Apple Development";
				CODE_SIGN_STYLE = Automatic;
				CURRENT_PROJECT_VERSION = 1;
				DEVELOPMENT_TEAM = 5MGXJMQ5F2;
				GENERATE_INFOPLIST_FILE = YES;
				INFOPLIST_FILE = StoreScopingCacheReproducer/Info.plist;
				INFOPLIST_KEY_UIApplicationSupportsIndirectInputEvents = YES;
				INFOPLIST_KEY_UILaunchStoryboardName = LaunchScreen;
				INFOPLIST_KEY_UIMainStoryboardFile = Main;
				INFOPLIST_KEY_UISupportedInterfaceOrientations_iPad = "UIInterfaceOrientationPortrait UIInterfaceOrientationPortraitUpsideDown UIInterfaceOrientationLandscapeLeft UIInterfaceOrientationLandscapeRight";
				INFOPLIST_KEY_UISupportedInterfaceOrientations_iPhone = "UIInterfaceOrientationPortrait UIInterfaceOrientationLandscapeLeft UIInterfaceOrientationLandscapeRight";
				LD_RUNPATH_SEARCH_PATHS = (
					"$(inherited)",
					"@executable_path/Frameworks",
				);
				MARKETING_VERSION = 1.0;
				PRODUCT_BUNDLE_IDENTIFIER = com.debugger.StoreScopingCacheReproducer;
				PRODUCT_NAME = "$(TARGET_NAME)";
				PROVISIONING_PROFILE_SPECIFIER = "";
				SWIFT_EMIT_LOC_STRINGS = YES;
				SWIFT_VERSION = 5.0;
				TARGETED_DEVICE_FAMILY = "1,2";
			};
			name = Release;
		};
		08AA75052B14671400E5EC16 /* Debug */ = {
			isa = XCBuildConfiguration;
			buildSettings = {
				CODE_SIGN_STYLE = Automatic;
				CURRENT_PROJECT_VERSION = 1;
				DEVELOPMENT_TEAM = 5MGXJMQ5F2;
				GENERATE_INFOPLIST_FILE = YES;
				MARKETING_VERSION = 1.0;
				PRODUCT_BUNDLE_IDENTIFIER = com.debugger.StoreScopingCacheReproducerUITests;
				PRODUCT_NAME = "$(TARGET_NAME)";
				SWIFT_EMIT_LOC_STRINGS = NO;
				SWIFT_VERSION = 5.0;
				TARGETED_DEVICE_FAMILY = "1,2";
				TEST_TARGET_NAME = StoreScopingCacheReproducer;
			};
			name = Debug;
		};
		08AA75062B14671400E5EC16 /* Release */ = {
			isa = XCBuildConfiguration;
			buildSettings = {
				CODE_SIGN_STYLE = Automatic;
				CURRENT_PROJECT_VERSION = 1;
				DEVELOPMENT_TEAM = 5MGXJMQ5F2;
				GENERATE_INFOPLIST_FILE = YES;
				MARKETING_VERSION = 1.0;
				PRODUCT_BUNDLE_IDENTIFIER = com.debugger.StoreScopingCacheReproducerUITests;
				PRODUCT_NAME = "$(TARGET_NAME)";
				SWIFT_EMIT_LOC_STRINGS = NO;
				SWIFT_VERSION = 5.0;
				TARGETED_DEVICE_FAMILY = "1,2";
				TEST_TARGET_NAME = StoreScopingCacheReproducer;
			};
			name = Release;
		};
/* End XCBuildConfiguration section */

/* Begin XCConfigurationList section */
		0810CE282B0BD4C300738D98 /* Build configuration list for PBXProject "StoreScopingCacheReproducer" */ = {
			isa = XCConfigurationList;
			buildConfigurations = (
				0810CE3F2B0BD4C500738D98 /* Debug */,
				0810CE402B0BD4C500738D98 /* Release */,
			);
			defaultConfigurationIsVisible = 0;
			defaultConfigurationName = Release;
		};
		0810CE412B0BD4C500738D98 /* Build configuration list for PBXNativeTarget "StoreScopingCacheReproducer" */ = {
			isa = XCConfigurationList;
			buildConfigurations = (
				0810CE422B0BD4C500738D98 /* Debug */,
				0810CE432B0BD4C500738D98 /* Release */,
			);
			defaultConfigurationIsVisible = 0;
			defaultConfigurationName = Release;
		};
		08AA75042B14671400E5EC16 /* Build configuration list for PBXNativeTarget "StoreScopingCacheReproducerUITests" */ = {
			isa = XCConfigurationList;
			buildConfigurations = (
				08AA75052B14671400E5EC16 /* Debug */,
				08AA75062B14671400E5EC16 /* Release */,
			);
			defaultConfigurationIsVisible = 0;
			defaultConfigurationName = Release;
		};
/* End XCConfigurationList section */

/* Begin XCRemoteSwiftPackageReference section */
		0810CE482B0BD60E00738D98 /* XCRemoteSwiftPackageReference "swift-composable-architecture" */ = {
			isa = XCRemoteSwiftPackageReference;
			repositoryURL = "https://github.com/pointfreeco/swift-composable-architecture";
			requirement = {
				kind = revision;
				revision = 44ae74e74f4a42f723f828cbd31345f6472e8793;
			};
		};
		0810CE4B2B0BD61D00738D98 /* XCRemoteSwiftPackageReference "SnapKit" */ = {
			isa = XCRemoteSwiftPackageReference;
			repositoryURL = "https://github.com/SnapKit/SnapKit.git";
			requirement = {
				kind = upToNextMajorVersion;
				minimumVersion = 5.6.0;
			};
		};
/* End XCRemoteSwiftPackageReference section */

/* Begin XCSwiftPackageProductDependency section */
		0810CE492B0BD60E00738D98 /* ComposableArchitecture */ = {
			isa = XCSwiftPackageProductDependency;
			package = 0810CE482B0BD60E00738D98 /* XCRemoteSwiftPackageReference "swift-composable-architecture" */;
			productName = ComposableArchitecture;
		};
		0810CE4C2B0BD61D00738D98 /* SnapKit */ = {
			isa = XCSwiftPackageProductDependency;
			package = 0810CE4B2B0BD61D00738D98 /* XCRemoteSwiftPackageReference "SnapKit" */;
			productName = SnapKit;
		};
		0810CE4E2B0BD61D00738D98 /* SnapKit-Dynamic */ = {
			isa = XCSwiftPackageProductDependency;
			package = 0810CE4B2B0BD61D00738D98 /* XCRemoteSwiftPackageReference "SnapKit" */;
			productName = "SnapKit-Dynamic";
		};
		0810CE502B0BD62F00738D98 /* ComposableArchitecture */ = {
			isa = XCSwiftPackageProductDependency;
			package = 0810CE482B0BD60E00738D98 /* XCRemoteSwiftPackageReference "swift-composable-architecture" */;
			productName = ComposableArchitecture;
		};
		0810CE522B0BD62F00738D98 /* SnapKit */ = {
			isa = XCSwiftPackageProductDependency;
			package = 0810CE4B2B0BD61D00738D98 /* XCRemoteSwiftPackageReference "SnapKit" */;
			productName = SnapKit;
		};
/* End XCSwiftPackageProductDependency section */
	};
	rootObject = 0810CE252B0BD4C300738D98 /* Project object */;
}
